// !$*UTF8*$!
{
	archiveVersion = 1;
	classes = {
	};
	objectVersion = 56;
	objects = {

/* Begin PBXBuildFile section */
		636EDC2D2906A6B700BF2213 /* SharedProtoBuff.swift in Sources */ = {isa = PBXBuildFile; fileRef = 636EDC2C2906A6B700BF2213 /* SharedProtoBuff.swift */; };
		636EDC2F2906B25700BF2213 /* ProtoBuff.swift in Sources */ = {isa = PBXBuildFile; fileRef = 636EDC2E2906B25700BF2213 /* ProtoBuff.swift */; };
		636EDC312906B65500BF2213 /* CGSize + RABackend_Size.swift in Sources */ = {isa = PBXBuildFile; fileRef = 636EDC302906B65500BF2213 /* CGSize + RABackend_Size.swift */; };
		637F1A4B29015EBA008642A4 /* RAClientIIApp.swift in Sources */ = {isa = PBXBuildFile; fileRef = 637F1A4A29015EBA008642A4 /* RAClientIIApp.swift */; };
		637F1A4F29015EBC008642A4 /* Assets.xcassets in Resources */ = {isa = PBXBuildFile; fileRef = 637F1A4E29015EBC008642A4 /* Assets.xcassets */; };
		637F1A5329015EBC008642A4 /* Preview Assets.xcassets in Resources */ = {isa = PBXBuildFile; fileRef = 637F1A5229015EBC008642A4 /* Preview Assets.xcassets */; };
		637F1A5B29018063008642A4 /* MainView.swift in Sources */ = {isa = PBXBuildFile; fileRef = 637F1A5A29018063008642A4 /* MainView.swift */; };
		637F1A5E290180E9008642A4 /* GameScene.swift in Sources */ = {isa = PBXBuildFile; fileRef = 637F1A5D290180E9008642A4 /* GameScene.swift */; };
		637F1A6029018152008642A4 /* VenueMap.swift in Sources */ = {isa = PBXBuildFile; fileRef = 637F1A5F29018152008642A4 /* VenueMap.swift */; };
		637F1A6329018263008642A4 /* GameClient.swift in Sources */ = {isa = PBXBuildFile; fileRef = 637F1A6229018263008642A4 /* GameClient.swift */; };
		637F1A66290187BA008642A4 /* ServerProxy.swift in Sources */ = {isa = PBXBuildFile; fileRef = 637F1A65290187BA008642A4 /* ServerProxy.swift */; };
		637F1A802901ADF2008642A4 /* MarkerAdornable.swift in Sources */ = {isa = PBXBuildFile; fileRef = 637F1A7F2901ADF2008642A4 /* MarkerAdornable.swift */; };
		637F1A822901AE29008642A4 /* Updating.swift in Sources */ = {isa = PBXBuildFile; fileRef = 637F1A812901AE29008642A4 /* Updating.swift */; };
		637F1A852901AF0A008642A4 /* Character.swift in Sources */ = {isa = PBXBuildFile; fileRef = 637F1A842901AF0A008642A4 /* Character.swift */; };
		637F1A882901B202008642A4 /* OrderedCollections in Frameworks */ = {isa = PBXBuildFile; productRef = 637F1A872901B202008642A4 /* OrderedCollections */; };
		637F1A8D2901B66B008642A4 /* NIO in Frameworks */ = {isa = PBXBuildFile; productRef = 637F1A8C2901B66B008642A4 /* NIO */; };
		637F1A8F2901B66B008642A4 /* NIOConcurrencyHelpers in Frameworks */ = {isa = PBXBuildFile; productRef = 637F1A8E2901B66B008642A4 /* NIOConcurrencyHelpers */; };
		637F1A912901B66B008642A4 /* NIOCore in Frameworks */ = {isa = PBXBuildFile; productRef = 637F1A902901B66B008642A4 /* NIOCore */; };
		637F1A942901B69C008642A4 /* CGRPCZlib in Frameworks */ = {isa = PBXBuildFile; productRef = 637F1A932901B69C008642A4 /* CGRPCZlib */; };
		637F1A962901B69C008642A4 /* GRPC in Frameworks */ = {isa = PBXBuildFile; productRef = 637F1A952901B69C008642A4 /* GRPC */; };
		637F1AA62901CF24008642A4 /* Region.swift in Sources */ = {isa = PBXBuildFile; fileRef = 637F1AA52901CF24008642A4 /* Region.swift */; };
		637F1AA82901D12A008642A4 /* Terrain.swift in Sources */ = {isa = PBXBuildFile; fileRef = 637F1AA72901D12A008642A4 /* Terrain.swift */; };
		637F1AAA2901D15F008642A4 /* Geography.swift in Sources */ = {isa = PBXBuildFile; fileRef = 637F1AA92901D15F008642A4 /* Geography.swift */; };
		637F1AAC2901D23B008642A4 /* Characters.swift in Sources */ = {isa = PBXBuildFile; fileRef = 637F1AAB2901D23B008642A4 /* Characters.swift */; };
		637F1AFA2901DFF8008642A4 /* CharacterNode + Moveable.swift in Sources */ = {isa = PBXBuildFile; fileRef = 637F1AF82901DFF8008642A4 /* CharacterNode + Moveable.swift */; };
		637F1AFB2901DFF8008642A4 /* CharacterNode.swift in Sources */ = {isa = PBXBuildFile; fileRef = 637F1AF92901DFF8008642A4 /* CharacterNode.swift */; };
		637F1AFD2901E054008642A4 /* HexagonMapNode.swift in Sources */ = {isa = PBXBuildFile; fileRef = 637F1AFC2901E054008642A4 /* HexagonMapNode.swift */; };
		637F1B002901E0CE008642A4 /* SKCameraNode.swift in Sources */ = {isa = PBXBuildFile; fileRef = 637F1AFF2901E0CE008642A4 /* SKCameraNode.swift */; };
		637F1B022901E139008642A4 /* Venue.swift in Sources */ = {isa = PBXBuildFile; fileRef = 637F1B012901E139008642A4 /* Venue.swift */; };
		637F1B082901EC20008642A4 /* PhysicalVenue.swift in Sources */ = {isa = PBXBuildFile; fileRef = 637F1B072901EC20008642A4 /* PhysicalVenue.swift */; };
		637F1B0D2901F48C008642A4 /* DroppedItem.swift in Sources */ = {isa = PBXBuildFile; fileRef = 637F1B0C2901F48C008642A4 /* DroppedItem.swift */; };
		637F1B152901F647008642A4 /* Item.swift in Sources */ = {isa = PBXBuildFile; fileRef = 637F1B132901F647008642A4 /* Item.swift */; };
		637F1B182901F794008642A4 /* UIDelegate.swift in Sources */ = {isa = PBXBuildFile; fileRef = 637F1B172901F794008642A4 /* UIDelegate.swift */; };
		637F1B1A2901FA21008642A4 /* Facility.swift in Sources */ = {isa = PBXBuildFile; fileRef = 637F1B192901FA21008642A4 /* Facility.swift */; };
		639236A529048ED800973DDF /* UInt64 + WordTImes.swift in Sources */ = {isa = PBXBuildFile; fileRef = 639236A429048ED800973DDF /* UInt64 + WordTImes.swift */; };
		639236A729048F7100973DDF /* CommandQueue.swift in Sources */ = {isa = PBXBuildFile; fileRef = 639236A629048F7100973DDF /* CommandQueue.swift */; };
		639236B0290542BF00973DDF /* RABackend.pb.swift in Sources */ = {isa = PBXBuildFile; fileRef = 639236AE290542BF00973DDF /* RABackend.pb.swift */; };
		639236B1290542BF00973DDF /* RABackend.grpc.swift in Sources */ = {isa = PBXBuildFile; fileRef = 639236AF290542BF00973DDF /* RABackend.grpc.swift */; };
		63988695290209570007D8C0 /* MenuTree.swift in Sources */ = {isa = PBXBuildFile; fileRef = 63988694290209570007D8C0 /* MenuTree.swift */; };
		63988697290209DC0007D8C0 /* HexagonMap.swift in Sources */ = {isa = PBXBuildFile; fileRef = 63988696290209DB0007D8C0 /* HexagonMap.swift */; };
		6398869B29020A950007D8C0 /* MenuRenderer.swift in Sources */ = {isa = PBXBuildFile; fileRef = 6398869829020A950007D8C0 /* MenuRenderer.swift */; };
		6398869C29020A950007D8C0 /* MenuNode.swift in Sources */ = {isa = PBXBuildFile; fileRef = 6398869929020A950007D8C0 /* MenuNode.swift */; };
		6398869D29020A950007D8C0 /* MenuOption.swift in Sources */ = {isa = PBXBuildFile; fileRef = 6398869A29020A950007D8C0 /* MenuOption.swift */; };
		6398869F29020B010007D8C0 /* UIImage.swift in Sources */ = {isa = PBXBuildFile; fileRef = 6398869E29020B010007D8C0 /* UIImage.swift */; };
		639886A1290215440007D8C0 /* EntityHolder.swift in Sources */ = {isa = PBXBuildFile; fileRef = 639886A0290215440007D8C0 /* EntityHolder.swift */; };
		639886A32902158B0007D8C0 /* DroppedItemNode.swift in Sources */ = {isa = PBXBuildFile; fileRef = 639886A22902158B0007D8C0 /* DroppedItemNode.swift */; };
		639886A5290215B50007D8C0 /* HexagonNode.swift in Sources */ = {isa = PBXBuildFile; fileRef = 639886A4290215B50007D8C0 /* HexagonNode.swift */; };
		639886A7290216B30007D8C0 /* Hexagon + NameFrom.swift in Sources */ = {isa = PBXBuildFile; fileRef = 639886A6290216B30007D8C0 /* Hexagon + NameFrom.swift */; };
		639886A9290217030007D8C0 /* MappedHexagon.swift in Sources */ = {isa = PBXBuildFile; fileRef = 639886A8290217030007D8C0 /* MappedHexagon.swift */; };
		639886B62902AA8F0007D8C0 /* Game.swift in Sources */ = {isa = PBXBuildFile; fileRef = 639886B52902AA8F0007D8C0 /* Game.swift */; };
		639886CB2902B1B40007D8C0 /* Index.swift in Sources */ = {isa = PBXBuildFile; fileRef = 639886C22902B1B40007D8C0 /* Index.swift */; };
		639886CC2902B1B40007D8C0 /* DaylinWoodcuttingQuest.swift in Sources */ = {isa = PBXBuildFile; fileRef = 639886C32902B1B40007D8C0 /* DaylinWoodcuttingQuest.swift */; };
		639886CD2902B1B40007D8C0 /* DaylinSharpeningQuest.swift in Sources */ = {isa = PBXBuildFile; fileRef = 639886C42902B1B40007D8C0 /* DaylinSharpeningQuest.swift */; };
		639886CE2902B1B40007D8C0 /* DaylinHatchetReturnQuest.swift in Sources */ = {isa = PBXBuildFile; fileRef = 639886C52902B1B40007D8C0 /* DaylinHatchetReturnQuest.swift */; };
		639886CF2902B1B40007D8C0 /* SwitchDialogue.swift in Sources */ = {isa = PBXBuildFile; fileRef = 639886C62902B1B40007D8C0 /* SwitchDialogue.swift */; };
		639886D02902B1B40007D8C0 /* Quest.swift in Sources */ = {isa = PBXBuildFile; fileRef = 639886C72902B1B40007D8C0 /* Quest.swift */; };
		639886D12902B1B40007D8C0 /* DialogueNode.swift in Sources */ = {isa = PBXBuildFile; fileRef = 639886C82902B1B40007D8C0 /* DialogueNode.swift */; };
		639886D22902B1B40007D8C0 /* Dialogue.swift in Sources */ = {isa = PBXBuildFile; fileRef = 639886C92902B1B40007D8C0 /* Dialogue.swift */; };
		639886D32902B1B40007D8C0 /* Monologue.swift in Sources */ = {isa = PBXBuildFile; fileRef = 639886CA2902B1B40007D8C0 /* Monologue.swift */; };
		639886D62902B3E00007D8C0 /* BottomWindow.swift in Sources */ = {isa = PBXBuildFile; fileRef = 639886D42902B3E00007D8C0 /* BottomWindow.swift */; };
		639886D72902B3E00007D8C0 /* Window.swift in Sources */ = {isa = PBXBuildFile; fileRef = 639886D52902B3E00007D8C0 /* Window.swift */; };
		639886D92902B62D0007D8C0 /* NonPlayerCharacter.swift in Sources */ = {isa = PBXBuildFile; fileRef = 639886D82902B62D0007D8C0 /* NonPlayerCharacter.swift */; };
		639886DB2902B6E90007D8C0 /* ItemHolding.swift in Sources */ = {isa = PBXBuildFile; fileRef = 639886DA2902B6E90007D8C0 /* ItemHolding.swift */; };
		63DFA8E52902CFB200C26F0E /* FaceableNode.swift in Sources */ = {isa = PBXBuildFile; fileRef = 63DFA8E42902CFB200C26F0E /* FaceableNode.swift */; };
		63DFA8E72902CFD600C26F0E /* Moveable.swift in Sources */ = {isa = PBXBuildFile; fileRef = 63DFA8E62902CFD600C26F0E /* Moveable.swift */; };
		63DFA8EC2902D14200C26F0E /* Faceable.swift in Sources */ = {isa = PBXBuildFile; fileRef = 63DFA8EB2902D14200C26F0E /* Faceable.swift */; };
		63DFA8EE2902D23800C26F0E /* CGVector.swift in Sources */ = {isa = PBXBuildFile; fileRef = 63DFA8ED2902D23800C26F0E /* CGVector.swift */; };
		63DFA8F02902D2D800C26F0E /* SKNode+toImage.swift in Sources */ = {isa = PBXBuildFile; fileRef = 63DFA8EF2902D2D800C26F0E /* SKNode+toImage.swift */; };
		63DFA8F22902D2E300C26F0E /* SKNode.swift in Sources */ = {isa = PBXBuildFile; fileRef = 63DFA8F12902D2E300C26F0E /* SKNode.swift */; };
		63DFA90329030ECD00C26F0E /* Locality + Client-side.swift in Sources */ = {isa = PBXBuildFile; fileRef = 63DFA90229030ECD00C26F0E /* Locality + Client-side.swift */; };
		63DFA90529031A0400C26F0E /* UIDelegate + Movement.swift in Sources */ = {isa = PBXBuildFile; fileRef = 63DFA90429031A0400C26F0E /* UIDelegate + Movement.swift */; };
		63DFA90829031A5400C26F0E /* Move.swift in Sources */ = {isa = PBXBuildFile; fileRef = 63DFA90629031A5400C26F0E /* Move.swift */; };
		63DFA90929031A5400C26F0E /* Command.swift in Sources */ = {isa = PBXBuildFile; fileRef = 63DFA90729031A5400C26F0E /* Command.swift */; };
		63DFA9262904067600C26F0E /* Locality.swift in Sources */ = {isa = PBXBuildFile; fileRef = 63DFA90B2904067600C26F0E /* Locality.swift */; };
		63DFA9272904067600C26F0E /* BuffSpecifier.swift in Sources */ = {isa = PBXBuildFile; fileRef = 63DFA90C2904067600C26F0E /* BuffSpecifier.swift */; };
		63DFA9282904067600C26F0E /* Waypoint.swift in Sources */ = {isa = PBXBuildFile; fileRef = 63DFA90D2904067600C26F0E /* Waypoint.swift */; };
		63DFA9292904067600C26F0E /* Heartbeat.swift in Sources */ = {isa = PBXBuildFile; fileRef = 63DFA90E2904067600C26F0E /* Heartbeat.swift */; };
		63DFA92A2904067600C26F0E /* Attributes.swift in Sources */ = {isa = PBXBuildFile; fileRef = 63DFA90F2904067600C26F0E /* Attributes.swift */; };
		63DFA92B2904067600C26F0E /* Hexagon.swift in Sources */ = {isa = PBXBuildFile; fileRef = 63DFA9102904067600C26F0E /* Hexagon.swift */; };
		63DFA92C2904067600C26F0E /* ItemType.swift in Sources */ = {isa = PBXBuildFile; fileRef = 63DFA9112904067600C26F0E /* ItemType.swift */; };
		63DFA92E2904067600C26F0E /* CGSize.swift in Sources */ = {isa = PBXBuildFile; fileRef = 63DFA9142904067600C26F0E /* CGSize.swift */; };
		63DFA9302904067600C26F0E /* CGPoint.swift in Sources */ = {isa = PBXBuildFile; fileRef = 63DFA9162904067600C26F0E /* CGPoint.swift */; };
		63DFA9322904067600C26F0E /* Double.swift in Sources */ = {isa = PBXBuildFile; fileRef = 63DFA9182904067600C26F0E /* Double.swift */; };
		63DFA9342904067600C26F0E /* DataList.swift in Sources */ = {isa = PBXBuildFile; fileRef = 63DFA91A2904067600C26F0E /* DataList.swift */; };
		63DFA9352904067600C26F0E /* ModelType.swift in Sources */ = {isa = PBXBuildFile; fileRef = 63DFA91B2904067600C26F0E /* ModelType.swift */; };
		63DFA9362904067600C26F0E /* Topology.swift in Sources */ = {isa = PBXBuildFile; fileRef = 63DFA91C2904067600C26F0E /* Topology.swift */; };
		63DFA9372904067600C26F0E /* VenuePosition.swift in Sources */ = {isa = PBXBuildFile; fileRef = 63DFA91D2904067600C26F0E /* VenuePosition.swift */; };
		63DFA9392904067600C26F0E /* Equipping.swift in Sources */ = {isa = PBXBuildFile; fileRef = 63DFA91F2904067600C26F0E /* Equipping.swift */; };
		63DFA93A2904067600C26F0E /* TickAction.swift in Sources */ = {isa = PBXBuildFile; fileRef = 63DFA9202904067600C26F0E /* TickAction.swift */; };
		63DFA93B2904067600C26F0E /* TickHolder.swift in Sources */ = {isa = PBXBuildFile; fileRef = 63DFA9212904067600C26F0E /* TickHolder.swift */; };
		63DFA93D2904067600C26F0E /* ItemTypesData.swift in Sources */ = {isa = PBXBuildFile; fileRef = 63DFA9242904067600C26F0E /* ItemTypesData.swift */; };
		63DFA93E2904067600C26F0E /* Skill.swift in Sources */ = {isa = PBXBuildFile; fileRef = 63DFA9252904067600C26F0E /* Skill.swift */; };
		63EF5C2A2904111500DECC44 /* Int.swift in Sources */ = {isa = PBXBuildFile; fileRef = 63DFA9152904067600C26F0E /* Int.swift */; };
/* End PBXBuildFile section */

/* Begin PBXFileReference section */
		636EDC2C2906A6B700BF2213 /* SharedProtoBuff.swift */ = {isa = PBXFileReference; fileEncoding = 4; lastKnownFileType = sourcecode.swift; name = SharedProtoBuff.swift; path = RAClientII/RAShared/SharedProtoBuff.swift; sourceTree = SOURCE_ROOT; };
		636EDC2E2906B25700BF2213 /* ProtoBuff.swift */ = {isa = PBXFileReference; lastKnownFileType = sourcecode.swift; path = ProtoBuff.swift; sourceTree = "<group>"; };
		636EDC302906B65500BF2213 /* CGSize + RABackend_Size.swift */ = {isa = PBXFileReference; lastKnownFileType = sourcecode.swift; path = "CGSize + RABackend_Size.swift"; sourceTree = "<group>"; };
		637F1A4729015EBA008642A4 /* RAClientII.app */ = {isa = PBXFileReference; explicitFileType = wrapper.application; includeInIndex = 0; path = RAClientII.app; sourceTree = BUILT_PRODUCTS_DIR; };
		637F1A4A29015EBA008642A4 /* RAClientIIApp.swift */ = {isa = PBXFileReference; lastKnownFileType = sourcecode.swift; path = RAClientIIApp.swift; sourceTree = "<group>"; };
		637F1A4E29015EBC008642A4 /* Assets.xcassets */ = {isa = PBXFileReference; lastKnownFileType = folder.assetcatalog; path = Assets.xcassets; sourceTree = "<group>"; };
		637F1A5029015EBC008642A4 /* RAClientII.entitlements */ = {isa = PBXFileReference; lastKnownFileType = text.plist.entitlements; path = RAClientII.entitlements; sourceTree = "<group>"; };
		637F1A5229015EBC008642A4 /* Preview Assets.xcassets */ = {isa = PBXFileReference; lastKnownFileType = folder.assetcatalog; path = "Preview Assets.xcassets"; sourceTree = "<group>"; };
		637F1A5A29018063008642A4 /* MainView.swift */ = {isa = PBXFileReference; fileEncoding = 4; lastKnownFileType = sourcecode.swift; path = MainView.swift; sourceTree = "<group>"; };
		637F1A5D290180E9008642A4 /* GameScene.swift */ = {isa = PBXFileReference; fileEncoding = 4; lastKnownFileType = sourcecode.swift; path = GameScene.swift; sourceTree = "<group>"; };
		637F1A5F29018152008642A4 /* VenueMap.swift */ = {isa = PBXFileReference; lastKnownFileType = sourcecode.swift; path = VenueMap.swift; sourceTree = "<group>"; };
		637F1A6229018263008642A4 /* GameClient.swift */ = {isa = PBXFileReference; lastKnownFileType = sourcecode.swift; path = GameClient.swift; sourceTree = "<group>"; };
		637F1A65290187BA008642A4 /* ServerProxy.swift */ = {isa = PBXFileReference; lastKnownFileType = sourcecode.swift; path = ServerProxy.swift; sourceTree = "<group>"; };
		637F1A7F2901ADF2008642A4 /* MarkerAdornable.swift */ = {isa = PBXFileReference; fileEncoding = 4; lastKnownFileType = sourcecode.swift; path = MarkerAdornable.swift; sourceTree = "<group>"; };
		637F1A812901AE29008642A4 /* Updating.swift */ = {isa = PBXFileReference; fileEncoding = 4; lastKnownFileType = sourcecode.swift; path = Updating.swift; sourceTree = "<group>"; };
		637F1A842901AF0A008642A4 /* Character.swift */ = {isa = PBXFileReference; fileEncoding = 4; lastKnownFileType = sourcecode.swift; path = Character.swift; sourceTree = "<group>"; };
		637F1AA52901CF24008642A4 /* Region.swift */ = {isa = PBXFileReference; fileEncoding = 4; lastKnownFileType = sourcecode.swift; path = Region.swift; sourceTree = "<group>"; };
		637F1AA72901D12A008642A4 /* Terrain.swift */ = {isa = PBXFileReference; fileEncoding = 4; lastKnownFileType = sourcecode.swift; path = Terrain.swift; sourceTree = "<group>"; };
		637F1AA92901D15F008642A4 /* Geography.swift */ = {isa = PBXFileReference; fileEncoding = 4; lastKnownFileType = sourcecode.swift; path = Geography.swift; sourceTree = "<group>"; };
		637F1AAB2901D23B008642A4 /* Characters.swift */ = {isa = PBXFileReference; fileEncoding = 4; lastKnownFileType = sourcecode.swift; path = Characters.swift; sourceTree = "<group>"; };
		637F1AF82901DFF8008642A4 /* CharacterNode + Moveable.swift */ = {isa = PBXFileReference; fileEncoding = 4; lastKnownFileType = sourcecode.swift; path = "CharacterNode + Moveable.swift"; sourceTree = "<group>"; };
		637F1AF92901DFF8008642A4 /* CharacterNode.swift */ = {isa = PBXFileReference; fileEncoding = 4; lastKnownFileType = sourcecode.swift; path = CharacterNode.swift; sourceTree = "<group>"; };
		637F1AFC2901E054008642A4 /* HexagonMapNode.swift */ = {isa = PBXFileReference; fileEncoding = 4; lastKnownFileType = sourcecode.swift; path = HexagonMapNode.swift; sourceTree = "<group>"; };
		637F1AFF2901E0CE008642A4 /* SKCameraNode.swift */ = {isa = PBXFileReference; fileEncoding = 4; lastKnownFileType = sourcecode.swift; path = SKCameraNode.swift; sourceTree = "<group>"; };
		637F1B012901E139008642A4 /* Venue.swift */ = {isa = PBXFileReference; fileEncoding = 4; lastKnownFileType = sourcecode.swift; path = Venue.swift; sourceTree = "<group>"; };
		637F1B072901EC20008642A4 /* PhysicalVenue.swift */ = {isa = PBXFileReference; fileEncoding = 4; lastKnownFileType = sourcecode.swift; path = PhysicalVenue.swift; sourceTree = "<group>"; };
		637F1B0C2901F48C008642A4 /* DroppedItem.swift */ = {isa = PBXFileReference; fileEncoding = 4; lastKnownFileType = sourcecode.swift; path = DroppedItem.swift; sourceTree = "<group>"; };
		637F1B132901F647008642A4 /* Item.swift */ = {isa = PBXFileReference; fileEncoding = 4; lastKnownFileType = sourcecode.swift; path = Item.swift; sourceTree = "<group>"; };
		637F1B172901F794008642A4 /* UIDelegate.swift */ = {isa = PBXFileReference; fileEncoding = 4; lastKnownFileType = sourcecode.swift; path = UIDelegate.swift; sourceTree = "<group>"; };
		637F1B192901FA21008642A4 /* Facility.swift */ = {isa = PBXFileReference; fileEncoding = 4; lastKnownFileType = sourcecode.swift; path = Facility.swift; sourceTree = "<group>"; };
		639236A429048ED800973DDF /* UInt64 + WordTImes.swift */ = {isa = PBXFileReference; fileEncoding = 4; lastKnownFileType = sourcecode.swift; path = "UInt64 + WordTImes.swift"; sourceTree = "<group>"; };
		639236A629048F7100973DDF /* CommandQueue.swift */ = {isa = PBXFileReference; fileEncoding = 4; lastKnownFileType = sourcecode.swift; name = CommandQueue.swift; path = RAClientII/RAShared/CommandQueue.swift; sourceTree = SOURCE_ROOT; };
		639236AE290542BF00973DDF /* RABackend.pb.swift */ = {isa = PBXFileReference; fileEncoding = 4; lastKnownFileType = sourcecode.swift; path = RABackend.pb.swift; sourceTree = "<group>"; };
		639236AF290542BF00973DDF /* RABackend.grpc.swift */ = {isa = PBXFileReference; fileEncoding = 4; lastKnownFileType = sourcecode.swift; path = RABackend.grpc.swift; sourceTree = "<group>"; };
		63988694290209570007D8C0 /* MenuTree.swift */ = {isa = PBXFileReference; fileEncoding = 4; lastKnownFileType = sourcecode.swift; path = MenuTree.swift; sourceTree = "<group>"; };
		63988696290209DB0007D8C0 /* HexagonMap.swift */ = {isa = PBXFileReference; fileEncoding = 4; lastKnownFileType = sourcecode.swift; path = HexagonMap.swift; sourceTree = "<group>"; };
		6398869829020A950007D8C0 /* MenuRenderer.swift */ = {isa = PBXFileReference; fileEncoding = 4; lastKnownFileType = sourcecode.swift; path = MenuRenderer.swift; sourceTree = "<group>"; };
		6398869929020A950007D8C0 /* MenuNode.swift */ = {isa = PBXFileReference; fileEncoding = 4; lastKnownFileType = sourcecode.swift; path = MenuNode.swift; sourceTree = "<group>"; };
		6398869A29020A950007D8C0 /* MenuOption.swift */ = {isa = PBXFileReference; fileEncoding = 4; lastKnownFileType = sourcecode.swift; path = MenuOption.swift; sourceTree = "<group>"; };
		6398869E29020B010007D8C0 /* UIImage.swift */ = {isa = PBXFileReference; fileEncoding = 4; lastKnownFileType = sourcecode.swift; path = UIImage.swift; sourceTree = "<group>"; };
		639886A0290215440007D8C0 /* EntityHolder.swift */ = {isa = PBXFileReference; fileEncoding = 4; lastKnownFileType = sourcecode.swift; path = EntityHolder.swift; sourceTree = "<group>"; };
		639886A22902158B0007D8C0 /* DroppedItemNode.swift */ = {isa = PBXFileReference; fileEncoding = 4; lastKnownFileType = sourcecode.swift; path = DroppedItemNode.swift; sourceTree = "<group>"; };
		639886A4290215B50007D8C0 /* HexagonNode.swift */ = {isa = PBXFileReference; fileEncoding = 4; lastKnownFileType = sourcecode.swift; path = HexagonNode.swift; sourceTree = "<group>"; };
		639886A6290216B30007D8C0 /* Hexagon + NameFrom.swift */ = {isa = PBXFileReference; lastKnownFileType = sourcecode.swift; path = "Hexagon + NameFrom.swift"; sourceTree = "<group>"; };
		639886A8290217030007D8C0 /* MappedHexagon.swift */ = {isa = PBXFileReference; fileEncoding = 4; lastKnownFileType = sourcecode.swift; path = MappedHexagon.swift; sourceTree = "<group>"; };
		639886B52902AA8F0007D8C0 /* Game.swift */ = {isa = PBXFileReference; fileEncoding = 4; lastKnownFileType = sourcecode.swift; path = Game.swift; sourceTree = "<group>"; };
		639886C22902B1B40007D8C0 /* Index.swift */ = {isa = PBXFileReference; fileEncoding = 4; lastKnownFileType = sourcecode.swift; path = Index.swift; sourceTree = "<group>"; };
		639886C32902B1B40007D8C0 /* DaylinWoodcuttingQuest.swift */ = {isa = PBXFileReference; fileEncoding = 4; lastKnownFileType = sourcecode.swift; path = DaylinWoodcuttingQuest.swift; sourceTree = "<group>"; };
		639886C42902B1B40007D8C0 /* DaylinSharpeningQuest.swift */ = {isa = PBXFileReference; fileEncoding = 4; lastKnownFileType = sourcecode.swift; path = DaylinSharpeningQuest.swift; sourceTree = "<group>"; };
		639886C52902B1B40007D8C0 /* DaylinHatchetReturnQuest.swift */ = {isa = PBXFileReference; fileEncoding = 4; lastKnownFileType = sourcecode.swift; path = DaylinHatchetReturnQuest.swift; sourceTree = "<group>"; };
		639886C62902B1B40007D8C0 /* SwitchDialogue.swift */ = {isa = PBXFileReference; fileEncoding = 4; lastKnownFileType = sourcecode.swift; path = SwitchDialogue.swift; sourceTree = "<group>"; };
		639886C72902B1B40007D8C0 /* Quest.swift */ = {isa = PBXFileReference; fileEncoding = 4; lastKnownFileType = sourcecode.swift; path = Quest.swift; sourceTree = "<group>"; };
		639886C82902B1B40007D8C0 /* DialogueNode.swift */ = {isa = PBXFileReference; fileEncoding = 4; lastKnownFileType = sourcecode.swift; path = DialogueNode.swift; sourceTree = "<group>"; };
		639886C92902B1B40007D8C0 /* Dialogue.swift */ = {isa = PBXFileReference; fileEncoding = 4; lastKnownFileType = sourcecode.swift; path = Dialogue.swift; sourceTree = "<group>"; };
		639886CA2902B1B40007D8C0 /* Monologue.swift */ = {isa = PBXFileReference; fileEncoding = 4; lastKnownFileType = sourcecode.swift; path = Monologue.swift; sourceTree = "<group>"; };
		639886D42902B3E00007D8C0 /* BottomWindow.swift */ = {isa = PBXFileReference; fileEncoding = 4; lastKnownFileType = sourcecode.swift; path = BottomWindow.swift; sourceTree = "<group>"; };
		639886D52902B3E00007D8C0 /* Window.swift */ = {isa = PBXFileReference; fileEncoding = 4; lastKnownFileType = sourcecode.swift; path = Window.swift; sourceTree = "<group>"; };
		639886D82902B62D0007D8C0 /* NonPlayerCharacter.swift */ = {isa = PBXFileReference; fileEncoding = 4; lastKnownFileType = sourcecode.swift; path = NonPlayerCharacter.swift; sourceTree = "<group>"; };
		639886DA2902B6E90007D8C0 /* ItemHolding.swift */ = {isa = PBXFileReference; fileEncoding = 4; lastKnownFileType = sourcecode.swift; path = ItemHolding.swift; sourceTree = "<group>"; };
		63DFA8E42902CFB200C26F0E /* FaceableNode.swift */ = {isa = PBXFileReference; fileEncoding = 4; lastKnownFileType = sourcecode.swift; path = FaceableNode.swift; sourceTree = "<group>"; };
		63DFA8E62902CFD600C26F0E /* Moveable.swift */ = {isa = PBXFileReference; fileEncoding = 4; lastKnownFileType = sourcecode.swift; path = Moveable.swift; sourceTree = "<group>"; };
		63DFA8EB2902D14200C26F0E /* Faceable.swift */ = {isa = PBXFileReference; fileEncoding = 4; lastKnownFileType = sourcecode.swift; path = Faceable.swift; sourceTree = "<group>"; };
		63DFA8ED2902D23800C26F0E /* CGVector.swift */ = {isa = PBXFileReference; fileEncoding = 4; lastKnownFileType = sourcecode.swift; path = CGVector.swift; sourceTree = "<group>"; };
		63DFA8EF2902D2D800C26F0E /* SKNode+toImage.swift */ = {isa = PBXFileReference; fileEncoding = 4; lastKnownFileType = sourcecode.swift; path = "SKNode+toImage.swift"; sourceTree = "<group>"; };
		63DFA8F12902D2E300C26F0E /* SKNode.swift */ = {isa = PBXFileReference; fileEncoding = 4; lastKnownFileType = sourcecode.swift; path = SKNode.swift; sourceTree = "<group>"; };
		63DFA90229030ECD00C26F0E /* Locality + Client-side.swift */ = {isa = PBXFileReference; lastKnownFileType = sourcecode.swift; path = "Locality + Client-side.swift"; sourceTree = "<group>"; };
		63DFA90429031A0400C26F0E /* UIDelegate + Movement.swift */ = {isa = PBXFileReference; fileEncoding = 4; lastKnownFileType = sourcecode.swift; path = "UIDelegate + Movement.swift"; sourceTree = "<group>"; };
		63DFA90629031A5400C26F0E /* Move.swift */ = {isa = PBXFileReference; fileEncoding = 4; lastKnownFileType = sourcecode.swift; path = Move.swift; sourceTree = "<group>"; };
		63DFA90729031A5400C26F0E /* Command.swift */ = {isa = PBXFileReference; fileEncoding = 4; lastKnownFileType = sourcecode.swift; name = Command.swift; path = ../../../RoyalAmbition/OldRAClient/OldRAClient/Commands/Command.swift; sourceTree = "<group>"; };
		63DFA90B2904067600C26F0E /* Locality.swift */ = {isa = PBXFileReference; fileEncoding = 4; lastKnownFileType = sourcecode.swift; path = Locality.swift; sourceTree = "<group>"; };
		63DFA90C2904067600C26F0E /* BuffSpecifier.swift */ = {isa = PBXFileReference; fileEncoding = 4; lastKnownFileType = sourcecode.swift; path = BuffSpecifier.swift; sourceTree = "<group>"; };
		63DFA90D2904067600C26F0E /* Waypoint.swift */ = {isa = PBXFileReference; fileEncoding = 4; lastKnownFileType = sourcecode.swift; path = Waypoint.swift; sourceTree = "<group>"; };
		63DFA90E2904067600C26F0E /* Heartbeat.swift */ = {isa = PBXFileReference; fileEncoding = 4; lastKnownFileType = sourcecode.swift; path = Heartbeat.swift; sourceTree = "<group>"; };
		63DFA90F2904067600C26F0E /* Attributes.swift */ = {isa = PBXFileReference; fileEncoding = 4; lastKnownFileType = sourcecode.swift; path = Attributes.swift; sourceTree = "<group>"; };
		63DFA9102904067600C26F0E /* Hexagon.swift */ = {isa = PBXFileReference; fileEncoding = 4; lastKnownFileType = sourcecode.swift; path = Hexagon.swift; sourceTree = "<group>"; };
		63DFA9112904067600C26F0E /* ItemType.swift */ = {isa = PBXFileReference; fileEncoding = 4; lastKnownFileType = sourcecode.swift; path = ItemType.swift; sourceTree = "<group>"; };
		63DFA9142904067600C26F0E /* CGSize.swift */ = {isa = PBXFileReference; fileEncoding = 4; lastKnownFileType = sourcecode.swift; path = CGSize.swift; sourceTree = "<group>"; };
		63DFA9152904067600C26F0E /* Int.swift */ = {isa = PBXFileReference; fileEncoding = 4; lastKnownFileType = sourcecode.swift; path = Int.swift; sourceTree = "<group>"; };
		63DFA9162904067600C26F0E /* CGPoint.swift */ = {isa = PBXFileReference; fileEncoding = 4; lastKnownFileType = sourcecode.swift; path = CGPoint.swift; sourceTree = "<group>"; };
		63DFA9182904067600C26F0E /* Double.swift */ = {isa = PBXFileReference; fileEncoding = 4; lastKnownFileType = sourcecode.swift; path = Double.swift; sourceTree = "<group>"; };
		63DFA91A2904067600C26F0E /* DataList.swift */ = {isa = PBXFileReference; fileEncoding = 4; lastKnownFileType = sourcecode.swift; path = DataList.swift; sourceTree = "<group>"; };
		63DFA91B2904067600C26F0E /* ModelType.swift */ = {isa = PBXFileReference; fileEncoding = 4; lastKnownFileType = sourcecode.swift; path = ModelType.swift; sourceTree = "<group>"; };
		63DFA91C2904067600C26F0E /* Topology.swift */ = {isa = PBXFileReference; fileEncoding = 4; lastKnownFileType = sourcecode.swift; path = Topology.swift; sourceTree = "<group>"; };
		63DFA91D2904067600C26F0E /* VenuePosition.swift */ = {isa = PBXFileReference; fileEncoding = 4; lastKnownFileType = sourcecode.swift; path = VenuePosition.swift; sourceTree = "<group>"; };
		63DFA91F2904067600C26F0E /* Equipping.swift */ = {isa = PBXFileReference; fileEncoding = 4; lastKnownFileType = sourcecode.swift; path = Equipping.swift; sourceTree = "<group>"; };
		63DFA9202904067600C26F0E /* TickAction.swift */ = {isa = PBXFileReference; fileEncoding = 4; lastKnownFileType = sourcecode.swift; path = TickAction.swift; sourceTree = "<group>"; };
		63DFA9212904067600C26F0E /* TickHolder.swift */ = {isa = PBXFileReference; fileEncoding = 4; lastKnownFileType = sourcecode.swift; path = TickHolder.swift; sourceTree = "<group>"; };
		63DFA9242904067600C26F0E /* ItemTypesData.swift */ = {isa = PBXFileReference; fileEncoding = 4; lastKnownFileType = sourcecode.swift; path = ItemTypesData.swift; sourceTree = "<group>"; };
		63DFA9252904067600C26F0E /* Skill.swift */ = {isa = PBXFileReference; fileEncoding = 4; lastKnownFileType = sourcecode.swift; path = Skill.swift; sourceTree = "<group>"; };
/* End PBXFileReference section */

/* Begin PBXFrameworksBuildPhase section */
		637F1A4429015EBA008642A4 /* Frameworks */ = {
			isa = PBXFrameworksBuildPhase;
			buildActionMask = 2147483647;
			files = (
				637F1A8F2901B66B008642A4 /* NIOConcurrencyHelpers in Frameworks */,
				637F1A882901B202008642A4 /* OrderedCollections in Frameworks */,
				637F1A962901B69C008642A4 /* GRPC in Frameworks */,
				637F1A942901B69C008642A4 /* CGRPCZlib in Frameworks */,
				637F1A912901B66B008642A4 /* NIOCore in Frameworks */,
				637F1A8D2901B66B008642A4 /* NIO in Frameworks */,
			);
			runOnlyForDeploymentPostprocessing = 0;
		};
/* End PBXFrameworksBuildPhase section */

/* Begin PBXGroup section */
		637F1A3E29015EBA008642A4 = {
			isa = PBXGroup;
			children = (
				637F1A4929015EBA008642A4 /* RAClientII */,
				637F1A4829015EBA008642A4 /* Products */,
			);
			sourceTree = "<group>";
		};
		637F1A4829015EBA008642A4 /* Products */ = {
			isa = PBXGroup;
			children = (
				637F1A4729015EBA008642A4 /* RAClientII.app */,
			);
			name = Products;
			sourceTree = "<group>";
		};
		637F1A4929015EBA008642A4 /* RAClientII */ = {
			isa = PBXGroup;
			children = (
				63DFA90A2904067600C26F0E /* RAShared */,
				63DFA90129030E9100C26F0E /* Extenstions of Shared */,
				637F1AFE2901E08D008642A4 /* Extensions */,
				637F1A64290187A0008642A4 /* Support & Helpers */,
				637F1A6129018254008642A4 /* Models */,
				63DFA8E82902D04D00C26F0E /* Commands */,
				639886C02902B1B40007D8C0 /* Quests */,
				637F1A5C290180DA008642A4 /* SpriteKit */,
				637F1A5929018036008642A4 /* Views */,
				637F1A4A29015EBA008642A4 /* RAClientIIApp.swift */,
				637F1A4E29015EBC008642A4 /* Assets.xcassets */,
				637F1A5029015EBC008642A4 /* RAClientII.entitlements */,
				637F1A5129015EBC008642A4 /* Preview Content */,
			);
			path = RAClientII;
			sourceTree = "<group>";
		};
		637F1A5129015EBC008642A4 /* Preview Content */ = {
			isa = PBXGroup;
			children = (
				637F1A5229015EBC008642A4 /* Preview Assets.xcassets */,
			);
			path = "Preview Content";
			sourceTree = "<group>";
		};
		637F1A5929018036008642A4 /* Views */ = {
			isa = PBXGroup;
			children = (
				637F1A5A29018063008642A4 /* MainView.swift */,
				637F1A5F29018152008642A4 /* VenueMap.swift */,
				639886D42902B3E00007D8C0 /* BottomWindow.swift */,
				639886D52902B3E00007D8C0 /* Window.swift */,
			);
			path = Views;
			sourceTree = "<group>";
		};
		637F1A5C290180DA008642A4 /* SpriteKit */ = {
			isa = PBXGroup;
			children = (
				63988693290209430007D8C0 /* Menus */,
				637F1B162901F782008642A4 /* UIDelegate */,
				637F1AF72901DFF8008642A4 /* CharacterNode */,
				63DFA8E42902CFB200C26F0E /* FaceableNode.swift */,
				63DFA8E62902CFD600C26F0E /* Moveable.swift */,
				637F1A5D290180E9008642A4 /* GameScene.swift */,
				637F1A7F2901ADF2008642A4 /* MarkerAdornable.swift */,
				637F1A812901AE29008642A4 /* Updating.swift */,
				639886A4290215B50007D8C0 /* HexagonNode.swift */,
				637F1AFC2901E054008642A4 /* HexagonMapNode.swift */,
				639886A22902158B0007D8C0 /* DroppedItemNode.swift */,
			);
			path = SpriteKit;
			sourceTree = "<group>";
		};
		637F1A6129018254008642A4 /* Models */ = {
			isa = PBXGroup;
			children = (
				639886B42902AA740007D8C0 /* Game */,
				637F1B0B2901EC58008642A4 /* Facilities */,
				639886BB2902B0140007D8C0 /* Items */,
				637F1B0C2901F48C008642A4 /* DroppedItem.swift */,
				637F1A842901AF0A008642A4 /* Character.swift */,
				637F1AAB2901D23B008642A4 /* Characters.swift */,
				63DFA8EB2902D14200C26F0E /* Faceable.swift */,
				639886D82902B62D0007D8C0 /* NonPlayerCharacter.swift */,
				637F1A6229018263008642A4 /* GameClient.swift */,
				637F1B072901EC20008642A4 /* PhysicalVenue.swift */,
				637F1B012901E139008642A4 /* Venue.swift */,
				637F1AA92901D15F008642A4 /* Geography.swift */,
				639886A8290217030007D8C0 /* MappedHexagon.swift */,
				63988696290209DB0007D8C0 /* HexagonMap.swift */,
				637F1AA72901D12A008642A4 /* Terrain.swift */,
			);
			path = Models;
			sourceTree = "<group>";
		};
		637F1A64290187A0008642A4 /* Support & Helpers */ = {
			isa = PBXGroup;
			children = (
				637F1A65290187BA008642A4 /* ServerProxy.swift */,
				637F1AA52901CF24008642A4 /* Region.swift */,
				639886A0290215440007D8C0 /* EntityHolder.swift */,
				639886A6290216B30007D8C0 /* Hexagon + NameFrom.swift */,
			);
			path = "Support & Helpers";
			sourceTree = "<group>";
		};
		637F1AF72901DFF8008642A4 /* CharacterNode */ = {
			isa = PBXGroup;
			children = (
				637F1AF82901DFF8008642A4 /* CharacterNode + Moveable.swift */,
				637F1AF92901DFF8008642A4 /* CharacterNode.swift */,
			);
			path = CharacterNode;
			sourceTree = "<group>";
		};
		637F1AFE2901E08D008642A4 /* Extensions */ = {
			isa = PBXGroup;
			children = (
				637F1AFF2901E0CE008642A4 /* SKCameraNode.swift */,
				6398869E29020B010007D8C0 /* UIImage.swift */,
				63DFA8ED2902D23800C26F0E /* CGVector.swift */,
				63DFA8F12902D2E300C26F0E /* SKNode.swift */,
				63DFA8EF2902D2D800C26F0E /* SKNode+toImage.swift */,
				636EDC2E2906B25700BF2213 /* ProtoBuff.swift */,
				636EDC302906B65500BF2213 /* CGSize + RABackend_Size.swift */,
			);
			path = Extensions;
			sourceTree = "<group>";
		};
		637F1B0B2901EC58008642A4 /* Facilities */ = {
			isa = PBXGroup;
			children = (
				637F1B192901FA21008642A4 /* Facility.swift */,
			);
			path = Facilities;
			sourceTree = "<group>";
		};
		637F1B162901F782008642A4 /* UIDelegate */ = {
			isa = PBXGroup;
			children = (
				637F1B172901F794008642A4 /* UIDelegate.swift */,
				63DFA90429031A0400C26F0E /* UIDelegate + Movement.swift */,
			);
			path = UIDelegate;
			sourceTree = "<group>";
		};
		63988693290209430007D8C0 /* Menus */ = {
			isa = PBXGroup;
			children = (
				6398869929020A950007D8C0 /* MenuNode.swift */,
				6398869A29020A950007D8C0 /* MenuOption.swift */,
				6398869829020A950007D8C0 /* MenuRenderer.swift */,
				63988694290209570007D8C0 /* MenuTree.swift */,
			);
			path = Menus;
			sourceTree = "<group>";
		};
		639886B42902AA740007D8C0 /* Game */ = {
			isa = PBXGroup;
			children = (
				639886B52902AA8F0007D8C0 /* Game.swift */,
			);
			path = Game;
			sourceTree = "<group>";
		};
		639886BB2902B0140007D8C0 /* Items */ = {
			isa = PBXGroup;
			children = (
				637F1B132901F647008642A4 /* Item.swift */,
				639886DA2902B6E90007D8C0 /* ItemHolding.swift */,
			);
			path = Items;
			sourceTree = "<group>";
		};
		639886C02902B1B40007D8C0 /* Quests */ = {
			isa = PBXGroup;
			children = (
				639886C12902B1B40007D8C0 /* Quests */,
				639886C62902B1B40007D8C0 /* SwitchDialogue.swift */,
				639886C72902B1B40007D8C0 /* Quest.swift */,
				639886C82902B1B40007D8C0 /* DialogueNode.swift */,
				639886C92902B1B40007D8C0 /* Dialogue.swift */,
				639886CA2902B1B40007D8C0 /* Monologue.swift */,
			);
			path = Quests;
			sourceTree = "<group>";
		};
		639886C12902B1B40007D8C0 /* Quests */ = {
			isa = PBXGroup;
			children = (
				639886C22902B1B40007D8C0 /* Index.swift */,
				639886C32902B1B40007D8C0 /* DaylinWoodcuttingQuest.swift */,
				639886C42902B1B40007D8C0 /* DaylinSharpeningQuest.swift */,
				639886C52902B1B40007D8C0 /* DaylinHatchetReturnQuest.swift */,
			);
			path = Quests;
			sourceTree = "<group>";
		};
		63DFA8E82902D04D00C26F0E /* Commands */ = {
			isa = PBXGroup;
			children = (
				63DFA90729031A5400C26F0E /* Command.swift */,
				63DFA90629031A5400C26F0E /* Move.swift */,
			);
			path = Commands;
			sourceTree = "<group>";
		};
		63DFA90129030E9100C26F0E /* Extenstions of Shared */ = {
			isa = PBXGroup;
			children = (
				63DFA90229030ECD00C26F0E /* Locality + Client-side.swift */,
			);
			path = "Extenstions of Shared";
			sourceTree = "<group>";
		};
		63DFA90A2904067600C26F0E /* RAShared */ = {
			isa = PBXGroup;
			children = (
				63DFA9232904067600C26F0E /* Data */,
				63DFA9132904067600C26F0E /* Extensions */,
				639236AF290542BF00973DDF /* RABackend.grpc.swift */,
				639236AE290542BF00973DDF /* RABackend.pb.swift */,
				636EDC2C2906A6B700BF2213 /* SharedProtoBuff.swift */,
				63DFA90B2904067600C26F0E /* Locality.swift */,
				639236A629048F7100973DDF /* CommandQueue.swift */,
				63DFA90C2904067600C26F0E /* BuffSpecifier.swift */,
				63DFA90D2904067600C26F0E /* Waypoint.swift */,
				63DFA90E2904067600C26F0E /* Heartbeat.swift */,
				63DFA90F2904067600C26F0E /* Attributes.swift */,
				63DFA9102904067600C26F0E /* Hexagon.swift */,
				63DFA9112904067600C26F0E /* ItemType.swift */,
				63DFA91A2904067600C26F0E /* DataList.swift */,
				63DFA91B2904067600C26F0E /* ModelType.swift */,
				63DFA91C2904067600C26F0E /* Topology.swift */,
				63DFA91D2904067600C26F0E /* VenuePosition.swift */,
				63DFA91F2904067600C26F0E /* Equipping.swift */,
				63DFA9202904067600C26F0E /* TickAction.swift */,
				63DFA9212904067600C26F0E /* TickHolder.swift */,
				63DFA9252904067600C26F0E /* Skill.swift */,
			);
			path = RAShared;
			sourceTree = "<group>";
		};
		63DFA9132904067600C26F0E /* Extensions */ = {
			isa = PBXGroup;
			children = (
				63DFA9142904067600C26F0E /* CGSize.swift */,
				63DFA9152904067600C26F0E /* Int.swift */,
				639236A429048ED800973DDF /* UInt64 + WordTImes.swift */,
				63DFA9162904067600C26F0E /* CGPoint.swift */,
				63DFA9182904067600C26F0E /* Double.swift */,
			);
			path = Extensions;
			sourceTree = "<group>";
		};
		63DFA9232904067600C26F0E /* Data */ = {
			isa = PBXGroup;
			children = (
				63DFA9242904067600C26F0E /* ItemTypesData.swift */,
			);
			path = Data;
			sourceTree = "<group>";
		};
/* End PBXGroup section */

/* Begin PBXNativeTarget section */
		637F1A4629015EBA008642A4 /* RAClientII */ = {
			isa = PBXNativeTarget;
			buildConfigurationList = 637F1A5629015EBC008642A4 /* Build configuration list for PBXNativeTarget "RAClientII" */;
			buildPhases = (
				637F1A4329015EBA008642A4 /* Sources */,
				637F1A4429015EBA008642A4 /* Frameworks */,
				637F1A4529015EBA008642A4 /* Resources */,
			);
			buildRules = (
			);
			dependencies = (
			);
			name = RAClientII;
			packageProductDependencies = (
				637F1A872901B202008642A4 /* OrderedCollections */,
				637F1A8C2901B66B008642A4 /* NIO */,
				637F1A8E2901B66B008642A4 /* NIOConcurrencyHelpers */,
				637F1A902901B66B008642A4 /* NIOCore */,
				637F1A932901B69C008642A4 /* CGRPCZlib */,
				637F1A952901B69C008642A4 /* GRPC */,
			);
			productName = RAClientII;
			productReference = 637F1A4729015EBA008642A4 /* RAClientII.app */;
			productType = "com.apple.product-type.application";
		};
/* End PBXNativeTarget section */

/* Begin PBXProject section */
		637F1A3F29015EBA008642A4 /* Project object */ = {
			isa = PBXProject;
			attributes = {
				BuildIndependentTargetsInParallel = 1;
				LastSwiftUpdateCheck = 1410;
				LastUpgradeCheck = 1410;
				TargetAttributes = {
					637F1A4629015EBA008642A4 = {
						CreatedOnToolsVersion = 14.1;
					};
				};
			};
			buildConfigurationList = 637F1A4229015EBA008642A4 /* Build configuration list for PBXProject "RAClientII" */;
			compatibilityVersion = "Xcode 14.0";
			developmentRegion = en;
			hasScannedForEncodings = 0;
			knownRegions = (
				en,
				Base,
			);
			mainGroup = 637F1A3E29015EBA008642A4;
			packageReferences = (
				637F1A862901B202008642A4 /* XCRemoteSwiftPackageReference "swift-collections" */,
				637F1A8B2901B66B008642A4 /* XCRemoteSwiftPackageReference "swift-nio" */,
				637F1A922901B69C008642A4 /* XCRemoteSwiftPackageReference "grpc-swift" */,
			);
			productRefGroup = 637F1A4829015EBA008642A4 /* Products */;
			projectDirPath = "";
			projectRoot = "";
			targets = (
				637F1A4629015EBA008642A4 /* RAClientII */,
			);
		};
/* End PBXProject section */

/* Begin PBXResourcesBuildPhase section */
		637F1A4529015EBA008642A4 /* Resources */ = {
			isa = PBXResourcesBuildPhase;
			buildActionMask = 2147483647;
			files = (
				637F1A5329015EBC008642A4 /* Preview Assets.xcassets in Resources */,
				637F1A4F29015EBC008642A4 /* Assets.xcassets in Resources */,
			);
			runOnlyForDeploymentPostprocessing = 0;
		};
/* End PBXResourcesBuildPhase section */

/* Begin PBXSourcesBuildPhase section */
		637F1A4329015EBA008642A4 /* Sources */ = {
			isa = PBXSourcesBuildPhase;
			buildActionMask = 2147483647;
			files = (
				63DFA92A2904067600C26F0E /* Attributes.swift in Sources */,
				63DFA90329030ECD00C26F0E /* Locality + Client-side.swift in Sources */,
				637F1AA62901CF24008642A4 /* Region.swift in Sources */,
				639886CF2902B1B40007D8C0 /* SwitchDialogue.swift in Sources */,
				639886CC2902B1B40007D8C0 /* DaylinWoodcuttingQuest.swift in Sources */,
				637F1A5E290180E9008642A4 /* GameScene.swift in Sources */,
				639886CD2902B1B40007D8C0 /* DaylinSharpeningQuest.swift in Sources */,
				63DFA90829031A5400C26F0E /* Move.swift in Sources */,
				637F1B1A2901FA21008642A4 /* Facility.swift in Sources */,
				63DFA9262904067600C26F0E /* Locality.swift in Sources */,
				6398869B29020A950007D8C0 /* MenuRenderer.swift in Sources */,
				639886D62902B3E00007D8C0 /* BottomWindow.swift in Sources */,
				63DFA9302904067600C26F0E /* CGPoint.swift in Sources */,
				637F1A4B29015EBA008642A4 /* RAClientIIApp.swift in Sources */,
				63DFA92B2904067600C26F0E /* Hexagon.swift in Sources */,
				637F1B022901E139008642A4 /* Venue.swift in Sources */,
				63DFA8F22902D2E300C26F0E /* SKNode.swift in Sources */,
				636EDC312906B65500BF2213 /* CGSize + RABackend_Size.swift in Sources */,
				63988695290209570007D8C0 /* MenuTree.swift in Sources */,
				63DFA93B2904067600C26F0E /* TickHolder.swift in Sources */,
				63DFA8F02902D2D800C26F0E /* SKNode+toImage.swift in Sources */,
				639886D32902B1B40007D8C0 /* Monologue.swift in Sources */,
				6398869D29020A950007D8C0 /* MenuOption.swift in Sources */,
				637F1B182901F794008642A4 /* UIDelegate.swift in Sources */,
				639886A32902158B0007D8C0 /* DroppedItemNode.swift in Sources */,
				6398869F29020B010007D8C0 /* UIImage.swift in Sources */,
				639886DB2902B6E90007D8C0 /* ItemHolding.swift in Sources */,
				637F1B152901F647008642A4 /* Item.swift in Sources */,
				639236A529048ED800973DDF /* UInt64 + WordTImes.swift in Sources */,
				63DFA8EC2902D14200C26F0E /* Faceable.swift in Sources */,
				636EDC2F2906B25700BF2213 /* ProtoBuff.swift in Sources */,
				639886D02902B1B40007D8C0 /* Quest.swift in Sources */,
				639886B62902AA8F0007D8C0 /* Game.swift in Sources */,
				637F1A6029018152008642A4 /* VenueMap.swift in Sources */,
				63EF5C2A2904111500DECC44 /* Int.swift in Sources */,
				6398869C29020A950007D8C0 /* MenuNode.swift in Sources */,
				63988697290209DC0007D8C0 /* HexagonMap.swift in Sources */,
				637F1AFA2901DFF8008642A4 /* CharacterNode + Moveable.swift in Sources */,
				639886D12902B1B40007D8C0 /* DialogueNode.swift in Sources */,
				63DFA9272904067600C26F0E /* BuffSpecifier.swift in Sources */,
				637F1AFB2901DFF8008642A4 /* CharacterNode.swift in Sources */,
				63DFA93A2904067600C26F0E /* TickAction.swift in Sources */,
				63DFA9392904067600C26F0E /* Equipping.swift in Sources */,
				639886A9290217030007D8C0 /* MappedHexagon.swift in Sources */,
				639236B0290542BF00973DDF /* RABackend.pb.swift in Sources */,
				63DFA92C2904067600C26F0E /* ItemType.swift in Sources */,
				63DFA92E2904067600C26F0E /* CGSize.swift in Sources */,
				637F1A802901ADF2008642A4 /* MarkerAdornable.swift in Sources */,
				639236A729048F7100973DDF /* CommandQueue.swift in Sources */,
				637F1AA82901D12A008642A4 /* Terrain.swift in Sources */,
				637F1B0D2901F48C008642A4 /* DroppedItem.swift in Sources */,
				639236B1290542BF00973DDF /* RABackend.grpc.swift in Sources */,
				63DFA8E72902CFD600C26F0E /* Moveable.swift in Sources */,
				63DFA9362904067600C26F0E /* Topology.swift in Sources */,
				63DFA90529031A0400C26F0E /* UIDelegate + Movement.swift in Sources */,
				63DFA9342904067600C26F0E /* DataList.swift in Sources */,
				639886CE2902B1B40007D8C0 /* DaylinHatchetReturnQuest.swift in Sources */,
				639886A7290216B30007D8C0 /* Hexagon + NameFrom.swift in Sources */,
				63DFA9372904067600C26F0E /* VenuePosition.swift in Sources */,
				639886D72902B3E00007D8C0 /* Window.swift in Sources */,
				639886A1290215440007D8C0 /* EntityHolder.swift in Sources */,
				63DFA90929031A5400C26F0E /* Command.swift in Sources */,
				637F1AFD2901E054008642A4 /* HexagonMapNode.swift in Sources */,
				637F1A66290187BA008642A4 /* ServerProxy.swift in Sources */,
				637F1AAC2901D23B008642A4 /* Characters.swift in Sources */,
				63DFA93D2904067600C26F0E /* ItemTypesData.swift in Sources */,
				63DFA8E52902CFB200C26F0E /* FaceableNode.swift in Sources */,
				639886D22902B1B40007D8C0 /* Dialogue.swift in Sources */,
				63DFA9352904067600C26F0E /* ModelType.swift in Sources */,
				636EDC2D2906A6B700BF2213 /* SharedProtoBuff.swift in Sources */,
				63DFA8EE2902D23800C26F0E /* CGVector.swift in Sources */,
				639886CB2902B1B40007D8C0 /* Index.swift in Sources */,
				63DFA9322904067600C26F0E /* Double.swift in Sources */,
				637F1A5B29018063008642A4 /* MainView.swift in Sources */,
				639886A5290215B50007D8C0 /* HexagonNode.swift in Sources */,
				63DFA9292904067600C26F0E /* Heartbeat.swift in Sources */,
				637F1AAA2901D15F008642A4 /* Geography.swift in Sources */,
				637F1A852901AF0A008642A4 /* Character.swift in Sources */,
				637F1A6329018263008642A4 /* GameClient.swift in Sources */,
				639886D92902B62D0007D8C0 /* NonPlayerCharacter.swift in Sources */,
				63DFA9282904067600C26F0E /* Waypoint.swift in Sources */,
				637F1B002901E0CE008642A4 /* SKCameraNode.swift in Sources */,
				637F1B082901EC20008642A4 /* PhysicalVenue.swift in Sources */,
				637F1A822901AE29008642A4 /* Updating.swift in Sources */,
				63DFA93E2904067600C26F0E /* Skill.swift in Sources */,
			);
			runOnlyForDeploymentPostprocessing = 0;
		};
/* End PBXSourcesBuildPhase section */

/* Begin XCBuildConfiguration section */
		637F1A5429015EBC008642A4 /* Debug */ = {
			isa = XCBuildConfiguration;
			buildSettings = {
				ALWAYS_SEARCH_USER_PATHS = NO;
				CLANG_ANALYZER_NONNULL = YES;
				CLANG_ANALYZER_NUMBER_OBJECT_CONVERSION = YES_AGGRESSIVE;
				CLANG_CXX_LANGUAGE_STANDARD = "gnu++20";
				CLANG_ENABLE_MODULES = YES;
				CLANG_ENABLE_OBJC_ARC = YES;
				CLANG_ENABLE_OBJC_WEAK = YES;
				CLANG_WARN_BLOCK_CAPTURE_AUTORELEASING = YES;
				CLANG_WARN_BOOL_CONVERSION = YES;
				CLANG_WARN_COMMA = YES;
				CLANG_WARN_CONSTANT_CONVERSION = YES;
				CLANG_WARN_DEPRECATED_OBJC_IMPLEMENTATIONS = YES;
				CLANG_WARN_DIRECT_OBJC_ISA_USAGE = YES_ERROR;
				CLANG_WARN_DOCUMENTATION_COMMENTS = YES;
				CLANG_WARN_EMPTY_BODY = YES;
				CLANG_WARN_ENUM_CONVERSION = YES;
				CLANG_WARN_INFINITE_RECURSION = YES;
				CLANG_WARN_INT_CONVERSION = YES;
				CLANG_WARN_NON_LITERAL_NULL_CONVERSION = YES;
				CLANG_WARN_OBJC_IMPLICIT_RETAIN_SELF = YES;
				CLANG_WARN_OBJC_LITERAL_CONVERSION = YES;
				CLANG_WARN_OBJC_ROOT_CLASS = YES_ERROR;
				CLANG_WARN_QUOTED_INCLUDE_IN_FRAMEWORK_HEADER = YES;
				CLANG_WARN_RANGE_LOOP_ANALYSIS = YES;
				CLANG_WARN_STRICT_PROTOTYPES = YES;
				CLANG_WARN_SUSPICIOUS_MOVE = YES;
				CLANG_WARN_UNGUARDED_AVAILABILITY = YES_AGGRESSIVE;
				CLANG_WARN_UNREACHABLE_CODE = YES;
				CLANG_WARN__DUPLICATE_METHOD_MATCH = YES;
				COPY_PHASE_STRIP = NO;
				DEBUG_INFORMATION_FORMAT = dwarf;
				ENABLE_STRICT_OBJC_MSGSEND = YES;
				ENABLE_TESTABILITY = YES;
				GCC_C_LANGUAGE_STANDARD = gnu11;
				GCC_DYNAMIC_NO_PIC = NO;
				GCC_NO_COMMON_BLOCKS = YES;
				GCC_OPTIMIZATION_LEVEL = 0;
				GCC_PREPROCESSOR_DEFINITIONS = (
					"DEBUG=1",
					"$(inherited)",
				);
				GCC_WARN_64_TO_32_BIT_CONVERSION = YES;
				GCC_WARN_ABOUT_RETURN_TYPE = YES_ERROR;
				GCC_WARN_UNDECLARED_SELECTOR = YES;
				GCC_WARN_UNINITIALIZED_AUTOS = YES_AGGRESSIVE;
				GCC_WARN_UNUSED_FUNCTION = YES;
				GCC_WARN_UNUSED_VARIABLE = YES;
				MTL_ENABLE_DEBUG_INFO = INCLUDE_SOURCE;
				MTL_FAST_MATH = YES;
				ONLY_ACTIVE_ARCH = YES;
				SWIFT_ACTIVE_COMPILATION_CONDITIONS = DEBUG;
				SWIFT_OPTIMIZATION_LEVEL = "-Onone";
			};
			name = Debug;
		};
		637F1A5529015EBC008642A4 /* Release */ = {
			isa = XCBuildConfiguration;
			buildSettings = {
				ALWAYS_SEARCH_USER_PATHS = NO;
				CLANG_ANALYZER_NONNULL = YES;
				CLANG_ANALYZER_NUMBER_OBJECT_CONVERSION = YES_AGGRESSIVE;
				CLANG_CXX_LANGUAGE_STANDARD = "gnu++20";
				CLANG_ENABLE_MODULES = YES;
				CLANG_ENABLE_OBJC_ARC = YES;
				CLANG_ENABLE_OBJC_WEAK = YES;
				CLANG_WARN_BLOCK_CAPTURE_AUTORELEASING = YES;
				CLANG_WARN_BOOL_CONVERSION = YES;
				CLANG_WARN_COMMA = YES;
				CLANG_WARN_CONSTANT_CONVERSION = YES;
				CLANG_WARN_DEPRECATED_OBJC_IMPLEMENTATIONS = YES;
				CLANG_WARN_DIRECT_OBJC_ISA_USAGE = YES_ERROR;
				CLANG_WARN_DOCUMENTATION_COMMENTS = YES;
				CLANG_WARN_EMPTY_BODY = YES;
				CLANG_WARN_ENUM_CONVERSION = YES;
				CLANG_WARN_INFINITE_RECURSION = YES;
				CLANG_WARN_INT_CONVERSION = YES;
				CLANG_WARN_NON_LITERAL_NULL_CONVERSION = YES;
				CLANG_WARN_OBJC_IMPLICIT_RETAIN_SELF = YES;
				CLANG_WARN_OBJC_LITERAL_CONVERSION = YES;
				CLANG_WARN_OBJC_ROOT_CLASS = YES_ERROR;
				CLANG_WARN_QUOTED_INCLUDE_IN_FRAMEWORK_HEADER = YES;
				CLANG_WARN_RANGE_LOOP_ANALYSIS = YES;
				CLANG_WARN_STRICT_PROTOTYPES = YES;
				CLANG_WARN_SUSPICIOUS_MOVE = YES;
				CLANG_WARN_UNGUARDED_AVAILABILITY = YES_AGGRESSIVE;
				CLANG_WARN_UNREACHABLE_CODE = YES;
				CLANG_WARN__DUPLICATE_METHOD_MATCH = YES;
				COPY_PHASE_STRIP = NO;
				DEBUG_INFORMATION_FORMAT = "dwarf-with-dsym";
				ENABLE_NS_ASSERTIONS = NO;
				ENABLE_STRICT_OBJC_MSGSEND = YES;
				GCC_C_LANGUAGE_STANDARD = gnu11;
				GCC_NO_COMMON_BLOCKS = YES;
				GCC_WARN_64_TO_32_BIT_CONVERSION = YES;
				GCC_WARN_ABOUT_RETURN_TYPE = YES_ERROR;
				GCC_WARN_UNDECLARED_SELECTOR = YES;
				GCC_WARN_UNINITIALIZED_AUTOS = YES_AGGRESSIVE;
				GCC_WARN_UNUSED_FUNCTION = YES;
				GCC_WARN_UNUSED_VARIABLE = YES;
				MTL_ENABLE_DEBUG_INFO = NO;
				MTL_FAST_MATH = YES;
				SWIFT_COMPILATION_MODE = wholemodule;
				SWIFT_OPTIMIZATION_LEVEL = "-O";
			};
			name = Release;
		};
		637F1A5729015EBC008642A4 /* Debug */ = {
			isa = XCBuildConfiguration;
			buildSettings = {
				ASSETCATALOG_COMPILER_APPICON_NAME = AppIcon;
				ASSETCATALOG_COMPILER_GLOBAL_ACCENT_COLOR_NAME = AccentColor;
				CODE_SIGN_ENTITLEMENTS = RAClientII/RAClientII.entitlements;
				CODE_SIGN_STYLE = Automatic;
				CURRENT_PROJECT_VERSION = 1;
				DEVELOPMENT_ASSET_PATHS = "\"RAClientII/Preview Content\"";
				DEVELOPMENT_TEAM = G3CB6368Q7;
				ENABLE_HARDENED_RUNTIME = YES;
				ENABLE_PREVIEWS = YES;
				GENERATE_INFOPLIST_FILE = YES;
				INFOPLIST_KEY_LSApplicationCategoryType = "public.app-category.role-playing-games";
				"INFOPLIST_KEY_UIApplicationSceneManifest_Generation[sdk=iphoneos*]" = YES;
				"INFOPLIST_KEY_UIApplicationSceneManifest_Generation[sdk=iphonesimulator*]" = YES;
				"INFOPLIST_KEY_UIApplicationSupportsIndirectInputEvents[sdk=iphoneos*]" = YES;
				"INFOPLIST_KEY_UIApplicationSupportsIndirectInputEvents[sdk=iphonesimulator*]" = YES;
				"INFOPLIST_KEY_UILaunchScreen_Generation[sdk=iphoneos*]" = YES;
				"INFOPLIST_KEY_UILaunchScreen_Generation[sdk=iphonesimulator*]" = YES;
				"INFOPLIST_KEY_UIStatusBarStyle[sdk=iphoneos*]" = UIStatusBarStyleDefault;
				"INFOPLIST_KEY_UIStatusBarStyle[sdk=iphonesimulator*]" = UIStatusBarStyleDefault;
				INFOPLIST_KEY_UISupportedInterfaceOrientations_iPad = "UIInterfaceOrientationPortrait UIInterfaceOrientationPortraitUpsideDown UIInterfaceOrientationLandscapeLeft UIInterfaceOrientationLandscapeRight";
				INFOPLIST_KEY_UISupportedInterfaceOrientations_iPhone = "UIInterfaceOrientationPortrait UIInterfaceOrientationLandscapeLeft UIInterfaceOrientationLandscapeRight";
				IPHONEOS_DEPLOYMENT_TARGET = 16.1;
				LD_RUNPATH_SEARCH_PATHS = "@executable_path/Frameworks";
				"LD_RUNPATH_SEARCH_PATHS[sdk=macosx*]" = "@executable_path/../Frameworks";
				MACOSX_DEPLOYMENT_TARGET = 13.0;
				MARKETING_VERSION = 1.0;
				PRODUCT_BUNDLE_IDENTIFIER = us.alphapegasus.RAClientII;
				PRODUCT_NAME = "$(TARGET_NAME)";
				SDKROOT = auto;
				SUPPORTED_PLATFORMS = "iphoneos iphonesimulator";
				SUPPORTS_MACCATALYST = YES;
				SUPPORTS_MAC_DESIGNED_FOR_IPHONE_IPAD = NO;
				SWIFT_ACTIVE_COMPILATION_CONDITIONS = "DEBUG CLIENT";
				SWIFT_EMIT_LOC_STRINGS = YES;
				SWIFT_VERSION = 5.0;
				TARGETED_DEVICE_FAMILY = "1,2";
			};
			name = Debug;
		};
		637F1A5829015EBC008642A4 /* Release */ = {
			isa = XCBuildConfiguration;
			buildSettings = {
				ASSETCATALOG_COMPILER_APPICON_NAME = AppIcon;
				ASSETCATALOG_COMPILER_GLOBAL_ACCENT_COLOR_NAME = AccentColor;
				CODE_SIGN_ENTITLEMENTS = RAClientII/RAClientII.entitlements;
				CODE_SIGN_STYLE = Automatic;
				CURRENT_PROJECT_VERSION = 1;
				DEVELOPMENT_ASSET_PATHS = "\"RAClientII/Preview Content\"";
				DEVELOPMENT_TEAM = G3CB6368Q7;
				ENABLE_HARDENED_RUNTIME = YES;
				ENABLE_PREVIEWS = YES;
				GENERATE_INFOPLIST_FILE = YES;
				INFOPLIST_KEY_LSApplicationCategoryType = "public.app-category.role-playing-games";
				"INFOPLIST_KEY_UIApplicationSceneManifest_Generation[sdk=iphoneos*]" = YES;
				"INFOPLIST_KEY_UIApplicationSceneManifest_Generation[sdk=iphonesimulator*]" = YES;
				"INFOPLIST_KEY_UIApplicationSupportsIndirectInputEvents[sdk=iphoneos*]" = YES;
				"INFOPLIST_KEY_UIApplicationSupportsIndirectInputEvents[sdk=iphonesimulator*]" = YES;
				"INFOPLIST_KEY_UILaunchScreen_Generation[sdk=iphoneos*]" = YES;
				"INFOPLIST_KEY_UILaunchScreen_Generation[sdk=iphonesimulator*]" = YES;
				"INFOPLIST_KEY_UIStatusBarStyle[sdk=iphoneos*]" = UIStatusBarStyleDefault;
				"INFOPLIST_KEY_UIStatusBarStyle[sdk=iphonesimulator*]" = UIStatusBarStyleDefault;
				INFOPLIST_KEY_UISupportedInterfaceOrientations_iPad = "UIInterfaceOrientationPortrait UIInterfaceOrientationPortraitUpsideDown UIInterfaceOrientationLandscapeLeft UIInterfaceOrientationLandscapeRight";
				INFOPLIST_KEY_UISupportedInterfaceOrientations_iPhone = "UIInterfaceOrientationPortrait UIInterfaceOrientationLandscapeLeft UIInterfaceOrientationLandscapeRight";
				IPHONEOS_DEPLOYMENT_TARGET = 16.1;
				LD_RUNPATH_SEARCH_PATHS = "@executable_path/Frameworks";
				"LD_RUNPATH_SEARCH_PATHS[sdk=macosx*]" = "@executable_path/../Frameworks";
				MACOSX_DEPLOYMENT_TARGET = 13.0;
				MARKETING_VERSION = 1.0;
				PRODUCT_BUNDLE_IDENTIFIER = us.alphapegasus.RAClientII;
				PRODUCT_NAME = "$(TARGET_NAME)";
				SDKROOT = auto;
				SUPPORTED_PLATFORMS = "iphoneos iphonesimulator";
				SUPPORTS_MACCATALYST = YES;
				SUPPORTS_MAC_DESIGNED_FOR_IPHONE_IPAD = NO;
				SWIFT_ACTIVE_COMPILATION_CONDITIONS = CLIENT;
				SWIFT_EMIT_LOC_STRINGS = YES;
				SWIFT_VERSION = 5.0;
				TARGETED_DEVICE_FAMILY = "1,2";
			};
			name = Release;
		};
/* End XCBuildConfiguration section */

/* Begin XCConfigurationList section */
		637F1A4229015EBA008642A4 /* Build configuration list for PBXProject "RAClientII" */ = {
			isa = XCConfigurationList;
			buildConfigurations = (
				637F1A5429015EBC008642A4 /* Debug */,
				637F1A5529015EBC008642A4 /* Release */,
			);
			defaultConfigurationIsVisible = 0;
			defaultConfigurationName = Release;
		};
		637F1A5629015EBC008642A4 /* Build configuration list for PBXNativeTarget "RAClientII" */ = {
			isa = XCConfigurationList;
			buildConfigurations = (
				637F1A5729015EBC008642A4 /* Debug */,
				637F1A5829015EBC008642A4 /* Release */,
			);
			defaultConfigurationIsVisible = 0;
			defaultConfigurationName = Release;
		};
/* End XCConfigurationList section */

/* Begin XCRemoteSwiftPackageReference section */
		637F1A862901B202008642A4 /* XCRemoteSwiftPackageReference "swift-collections" */ = {
			isa = XCRemoteSwiftPackageReference;
			repositoryURL = "https://github.com/apple/swift-collections.git";
			requirement = {
				kind = upToNextMajorVersion;
				minimumVersion = 1.0.0;
			};
		};
		637F1A8B2901B66B008642A4 /* XCRemoteSwiftPackageReference "swift-nio" */ = {
			isa = XCRemoteSwiftPackageReference;
			repositoryURL = "https://github.com/apple/swift-nio.git";
			requirement = {
				kind = upToNextMajorVersion;
				minimumVersion = 2.0.0;
			};
		};
		637F1A922901B69C008642A4 /* XCRemoteSwiftPackageReference "grpc-swift" */ = {
			isa = XCRemoteSwiftPackageReference;
			repositoryURL = "https://github.com/grpc/grpc-swift";
			requirement = {
				branch = main;
				kind = branch;
			};
		};
/* End XCRemoteSwiftPackageReference section */

/* Begin XCSwiftPackageProductDependency section */
		637F1A872901B202008642A4 /* OrderedCollections */ = {
			isa = XCSwiftPackageProductDependency;
			package = 637F1A862901B202008642A4 /* XCRemoteSwiftPackageReference "swift-collections" */;
			productName = OrderedCollections;
		};
		637F1A8C2901B66B008642A4 /* NIO */ = {
			isa = XCSwiftPackageProductDependency;
			package = 637F1A8B2901B66B008642A4 /* XCRemoteSwiftPackageReference "swift-nio" */;
			productName = NIO;
		};
		637F1A8E2901B66B008642A4 /* NIOConcurrencyHelpers */ = {
			isa = XCSwiftPackageProductDependency;
			package = 637F1A8B2901B66B008642A4 /* XCRemoteSwiftPackageReference "swift-nio" */;
			productName = NIOConcurrencyHelpers;
		};
		637F1A902901B66B008642A4 /* NIOCore */ = {
			isa = XCSwiftPackageProductDependency;
			package = 637F1A8B2901B66B008642A4 /* XCRemoteSwiftPackageReference "swift-nio" */;
			productName = NIOCore;
		};
		637F1A932901B69C008642A4 /* CGRPCZlib */ = {
			isa = XCSwiftPackageProductDependency;
			package = 637F1A922901B69C008642A4 /* XCRemoteSwiftPackageReference "grpc-swift" */;
			productName = CGRPCZlib;
		};
		637F1A952901B69C008642A4 /* GRPC */ = {
			isa = XCSwiftPackageProductDependency;
			package = 637F1A922901B69C008642A4 /* XCRemoteSwiftPackageReference "grpc-swift" */;
			productName = GRPC;
		};
/* End XCSwiftPackageProductDependency section */
	};
	rootObject = 637F1A3F29015EBA008642A4 /* Project object */;
}
